
Microsoft Visual Studio Solution File, Format Version 12.00
Project("{FAE04EC0-301F-11D3-BF4B-00C04F79EFBC}") = "TubeChallengeRouter", "TubeChallengeRouter\TubeChallengeRouter.csproj", "{A7FC9D10-D696-4925-A604-A7E4CA051500}"
EndProject
Project("{FAE04EC0-301F-11D3-BF4B-00C04F79EFBC}") = "TransportNetwork", "TransportNetwork\TransportNetwork.csproj", "{0CA73BF5-468A-4154-BB93-E97B3634DEBE}"
EndProject
Project("{FAE04EC0-301F-11D3-BF4B-00C04F79EFBC}") = "DataFetcher", "DataFetcher\DataFetcher.csproj", "{3C0C820D-F37C-45ED-82FB-C72B4633DF90}"
EndProject
Project("{FAE04EC0-301F-11D3-BF4B-00C04F79EFBC}") = "RouteSolver", "RouteSolver\RouteSolver.csproj", "{3D842669-DFCF-4CF6-A70B-DC528B7598FD}"
EndProject
Project("{FAE04EC0-301F-11D3-BF4B-00C04F79EFBC}") = "PriorityQueue", "PriorityQueue\PriorityQueue.csproj", "{77777444-96B4-415A-B804-0913309F24ED}"
EndProject
Project("{FAE04EC0-301F-11D3-BF4B-00C04F79EFBC}") = "PriorityQueue.Tests", "PriorityQueue.Tests\PriorityQueue.Tests.csproj", "{1A948043-5BF1-4AF3-80B0-10CCF94B2043}"
EndProject
Project("{FAE04EC0-301F-11D3-BF4B-00C04F79EFBC}") = "TransportNetwork.Tests", "TransportNetwork.Tests\TransportNetwork.Tests.csproj", "{E18A32C4-4D4C-4024-AC60-27E6C66CCD06}"
EndProject
Project("{FAE04EC0-301F-11D3-BF4B-00C04F79EFBC}") = "MapSolverGUI", "MapSolverGUI\MapSolverGUI.csproj", "{671E1D04-0669-4E8D-9B3A-A74D14C02D03}"
EndProject
Project("{FAE04EC0-301F-11D3-BF4B-00C04F79EFBC}") = "RouteSolver.Tests", "RouteSolver.Tests\RouteSolver.Tests.csproj", "{1B9AC045-813C-4683-BEFB-F450B70994BF}"
EndProject
Global
	GlobalSection(SolutionConfigurationPlatforms) = preSolution
		Debug|Any CPU = Debug|Any CPU
		Release|Any CPU = Release|Any CPU
	EndGlobalSection
	GlobalSection(ProjectConfigurationPlatforms) = postSolution
		{A7FC9D10-D696-4925-A604-A7E4CA051500}.Debug|Any CPU.ActiveCfg = Debug|Any CPU
		{A7FC9D10-D696-4925-A604-A7E4CA051500}.Debug|Any CPU.Build.0 = Debug|Any CPU
		{A7FC9D10-D696-4925-A604-A7E4CA051500}.Release|Any CPU.ActiveCfg = Release|Any CPU
		{A7FC9D10-D696-4925-A604-A7E4CA051500}.Release|Any CPU.Build.0 = Release|Any CPU
		{0CA73BF5-468A-4154-BB93-E97B3634DEBE}.Debug|Any CPU.ActiveCfg = Debug|Any CPU
		{0CA73BF5-468A-4154-BB93-E97B3634DEBE}.Debug|Any CPU.Build.0 = Debug|Any CPU
		{0CA73BF5-468A-4154-BB93-E97B3634DEBE}.Release|Any CPU.ActiveCfg = Release|Any CPU
		{0CA73BF5-468A-4154-BB93-E97B3634DEBE}.Release|Any CPU.Build.0 = Release|Any CPU
		{3C0C820D-F37C-45ED-82FB-C72B4633DF90}.Debug|Any CPU.ActiveCfg = Debug|Any CPU
		{3C0C820D-F37C-45ED-82FB-C72B4633DF90}.Debug|Any CPU.Build.0 = Debug|Any CPU
		{3C0C820D-F37C-45ED-82FB-C72B4633DF90}.Release|Any CPU.ActiveCfg = Release|Any CPU
		{3C0C820D-F37C-45ED-82FB-C72B4633DF90}.Release|Any CPU.Build.0 = Release|Any CPU
		{3D842669-DFCF-4CF6-A70B-DC528B7598FD}.Debug|Any CPU.ActiveCfg = Debug|Any CPU
		{3D842669-DFCF-4CF6-A70B-DC528B7598FD}.Debug|Any CPU.Build.0 = Debug|Any CPU
		{3D842669-DFCF-4CF6-A70B-DC528B7598FD}.Release|Any CPU.ActiveCfg = Release|Any CPU
		{3D842669-DFCF-4CF6-A70B-DC528B7598FD}.Release|Any CPU.Build.0 = Release|Any CPU
		{77777444-96B4-415A-B804-0913309F24ED}.Debug|Any CPU.ActiveCfg = Debug|Any CPU
		{77777444-96B4-415A-B804-0913309F24ED}.Debug|Any CPU.Build.0 = Debug|Any CPU
		{77777444-96B4-415A-B804-0913309F24ED}.Release|Any CPU.ActiveCfg = Release|Any CPU
		{77777444-96B4-415A-B804-0913309F24ED}.Release|Any CPU.Build.0 = Release|Any CPU
		{1A948043-5BF1-4AF3-80B0-10CCF94B2043}.Debug|Any CPU.ActiveCfg = Debug|Any CPU
		{1A948043-5BF1-4AF3-80B0-10CCF94B2043}.Debug|Any CPU.Build.0 = Debug|Any CPU
		{1A948043-5BF1-4AF3-80B0-10CCF94B2043}.Release|Any CPU.ActiveCfg = Release|Any CPU
		{1A948043-5BF1-4AF3-80B0-10CCF94B2043}.Release|Any CPU.Build.0 = Release|Any CPU
		{E18A32C4-4D4C-4024-AC60-27E6C66CCD06}.Debug|Any CPU.ActiveCfg = Debug|Any CPU
		{E18A32C4-4D4C-4024-AC60-27E6C66CCD06}.Debug|Any CPU.Build.0 = Debug|Any CPU
		{E18A32C4-4D4C-4024-AC60-27E6C66CCD06}.Release|Any CPU.ActiveCfg = Release|Any CPU
		{E18A32C4-4D4C-4024-AC60-27E6C66CCD06}.Release|Any CPU.Build.0 = Release|Any CPU
		{671E1D04-0669-4E8D-9B3A-A74D14C02D03}.Debug|Any CPU.ActiveCfg = Debug|Any CPU
		{671E1D04-0669-4E8D-9B3A-A74D14C02D03}.Debug|Any CPU.Build.0 = Debug|Any CPU
		{671E1D04-0669-4E8D-9B3A-A74D14C02D03}.Release|Any CPU.ActiveCfg = Release|Any CPU
		{671E1D04-0669-4E8D-9B3A-A74D14C02D03}.Release|Any CPU.Build.0 = Release|Any CPU
		{1B9AC045-813C-4683-BEFB-F450B70994BF}.Debug|Any CPU.ActiveCfg = Debug|Any CPU
		{1B9AC045-813C-4683-BEFB-F450B70994BF}.Debug|Any CPU.Build.0 = Debug|Any CPU
		{1B9AC045-813C-4683-BEFB-F450B70994BF}.Release|Any CPU.ActiveCfg = Release|Any CPU
		{1B9AC045-813C-4683-BEFB-F450B70994BF}.Release|Any CPU.Build.0 = Release|Any CPU
	EndGlobalSection
EndGlobal
